
Microsoft Visual Studio Solution File, Format Version 12.00
# Visual Studio Version 16
VisualStudioVersion = 16.0.30413.136
MinimumVisualStudioVersion = 10.0.40219.1
Project("{FAE04EC0-301F-11D3-BF4B-00C04F79EFBC}") = "CaseTecnicoIt", "CaseTecnicoIt\CaseTecnicoIt.csproj", "{84F3A027-9EF8-46DF-A6EB-ACCDA4EEA6CD}"
EndProject
Global
	GlobalSection(SolutionConfigurationPlatforms) = preSolution
		Debug|Any CPU = Debug|Any CPU
		Release|Any CPU = Release|Any CPU
	EndGlobalSection
	GlobalSection(ProjectConfigurationPlatforms) = postSolution
		{84F3A027-9EF8-46DF-A6EB-ACCDA4EEA6CD}.Debug|Any CPU.ActiveCfg = Debug|Any CPU
		{84F3A027-9EF8-46DF-A6EB-ACCDA4EEA6CD}.Debug|Any CPU.Build.0 = Debug|Any CPU
		{84F3A027-9EF8-46DF-A6EB-ACCDA4EEA6CD}.Release|Any CPU.ActiveCfg = Release|Any CPU
		{84F3A027-9EF8-46DF-A6EB-ACCDA4EEA6CD}.Release|Any CPU.Build.0 = Release|Any CPU
	EndGlobalSection
	GlobalSection(SolutionProperties) = preSolution
		HideSolutionNode = FALSE
	EndGlobalSection
	GlobalSection(ExtensibilityGlobals) = postSolution
		SolutionGuid = {BD278F9D-72F7-4DAF-80CC-CD1A4C5634B4}
	EndGlobalSection
EndGlobal
